Microsoft Visual Studio Solution File, Format Version 12.00
# Visual Studio Version 17
VisualStudioVersion = 17.5.2.0
MinimumVisualStudioVersion = 10.0.40219.1
Project("{2150E333-8FDC-42A3-9474-1A3956D46DE8}") = "Esercizi cs", "Esercizi cs", "{D27A56AC-DA9C-BEB6-1C39-58D8B93B7545}"
EndProject
Project("{FAE04EC0-301F-11D3-BF4B-00C04F79EFBC}") = "NomeProgetto", "Esercizi cs\NomeProgetto.csproj", "{2FE6A980-0C2C-B84B-B6BF-5D59532CB7C4}"
EndProject
Global
	GlobalSection(SolutionConfigurationPlatforms) = preSolution
		Debug|Any CPU = Debug|Any CPU
		Release|Any CPU = Release|Any CPU
	EndGlobalSection
	GlobalSection(ProjectConfigurationPlatforms) = postSolution
		{2FE6A980-0C2C-B84B-B6BF-5D59532CB7C4}.Debug|Any CPU.ActiveCfg = Debug|Any CPU
		{2FE6A980-0C2C-B84B-B6BF-5D59532CB7C4}.Debug|Any CPU.Build.0 = Debug|Any CPU
		{2FE6A980-0C2C-B84B-B6BF-5D59532CB7C4}.Release|Any CPU.ActiveCfg = Release|Any CPU
		{2FE6A980-0C2C-B84B-B6BF-5D59532CB7C4}.Release|Any CPU.Build.0 = Release|Any CPU
	EndGlobalSection
	GlobalSection(SolutionProperties) = preSolution
		HideSolutionNode = FALSE
	EndGlobalSection
	GlobalSection(NestedProjects) = preSolution
		{2FE6A980-0C2C-B84B-B6BF-5D59532CB7C4} = {D27A56AC-DA9C-BEB6-1C39-58D8B93B7545}
	EndGlobalSection
	GlobalSection(ExtensibilityGlobals) = postSolution
		SolutionGuid = {E5AD1834-794F-4143-A8A2-6E40118B041B}
	EndGlobalSection
EndGlobal
